
Microsoft Visual Studio Solution File, Format Version 12.00
# Visual Studio 15
VisualStudioVersion = 15.0.28307.489
MinimumVisualStudioVersion = 10.0.40219.1
Project("{FAE04EC0-301F-11D3-BF4B-00C04F79EFBC}") = "webApplication", "webApplication\webApplication.csproj", "{8A00459A-66D2-4530-AA4C-93C6F71DAFB2}"
EndProject
Global
	GlobalSection(SolutionConfigurationPlatforms) = preSolution
		Debug|Any CPU = Debug|Any CPU
		Release|Any CPU = Release|Any CPU
	EndGlobalSection
	GlobalSection(ProjectConfigurationPlatforms) = postSolution
		{8A00459A-66D2-4530-AA4C-93C6F71DAFB2}.Debug|Any CPU.ActiveCfg = Debug|Any CPU
		{8A00459A-66D2-4530-AA4C-93C6F71DAFB2}.Debug|Any CPU.Build.0 = Debug|Any CPU
		{8A00459A-66D2-4530-AA4C-93C6F71DAFB2}.Release|Any CPU.ActiveCfg = Release|Any CPU
		{8A00459A-66D2-4530-AA4C-93C6F71DAFB2}.Release|Any CPU.Build.0 = Release|Any CPU
	EndGlobalSection
	GlobalSection(SolutionProperties) = preSolution
		HideSolutionNode = FALSE
	EndGlobalSection
	GlobalSection(ExtensibilityGlobals) = postSolution
		SolutionGuid = {23167967-F582-4BD4-A13A-3211B0BE7D33}
	EndGlobalSection
EndGlobal
